
Microsoft Visual Studio Solution File, Format Version 12.00
# Visual Studio Version 17
VisualStudioVersion = 17.4.33205.214
MinimumVisualStudioVersion = 10.0.40219.1
Project("{9A19103F-16F7-4668-BE54-9A1E7A4F7556}") = "1-EF-LAB", "1-EF-LAB\1-EF-LAB.csproj", "{FD0F0922-9FFD-437A-82AE-7B373B092C79}"
EndProject
Project("{9A19103F-16F7-4668-BE54-9A1E7A4F7556}") = "1-EFLABFORM", "1-EFLABFORM\1-EFLABFORM.csproj", "{577AE7A9-1625-4C61-96BE-16A98BF53BD6}"
EndProject
Project("{9A19103F-16F7-4668-BE54-9A1E7A4F7556}") = "2-EFLABFORM", "2-EFLABFORM\2-EFLABFORM.csproj", "{3D088AB8-B3FA-4ACA-AF87-A74F7B9DAF47}"
EndProject
Project("{9A19103F-16F7-4668-BE54-9A1E7A4F7556}") = "2-EFLABFORMEKLE", "2-EFLABFORMEKLE\2-EFLABFORMEKLE.csproj", "{EECE5504-1006-4FA2-815C-CE4C48AEA2AF}"
EndProject
Project("{9A19103F-16F7-4668-BE54-9A1E7A4F7556}") = "3-EFLABMusteriListeleEkleSil", "3-EFLABMusteriListeleEkleSil\3-EFLABMusteriListeleEkleSil.csproj", "{9A5F6810-A8DB-414E-AFD5-26F62965EC0E}"
EndProject
Project("{9A19103F-16F7-4668-BE54-9A1E7A4F7556}") = "4-EFCORE-REHBEREKLE", "4-EFCORE-REHBEREKLE\4-EFCORE-REHBEREKLE.csproj", "{972857F7-010C-4B4C-835A-5BD1F19497A2}"
EndProject
Project("{2150E333-8FDC-42A3-9474-1A3956D46DE8}") = "5-KisiAdres", "5-KisiAdres", "{673AB797-2F5C-4FC4-A3CD-581F45715963}"
EndProject
Project("{9A19103F-16F7-4668-BE54-9A1E7A4F7556}") = "5-KisiAdres.DAL", "5-KisiAdres.DAL\5-KisiAdres.DAL.csproj", "{739294EC-27AC-4C31-B4BF-78E250369FE0}"
EndProject
Project("{9A19103F-16F7-4668-BE54-9A1E7A4F7556}") = "5-KisiAdres.DATA", "5-KisiAdres.DATA\5-KisiAdres.DATA.csproj", "{CBF298FE-C45B-4B12-B420-7B4C232B1246}"
EndProject
Project("{9A19103F-16F7-4668-BE54-9A1E7A4F7556}") = "5-KisiAdres.UI", "5-KisiAdres.UI\5-KisiAdres.UI.csproj", "{5B284144-4D56-4E64-A562-24BBA02D7978}"
EndProject
Project("{9A19103F-16F7-4668-BE54-9A1E7A4F7556}") = "5-KisiAdresForms", "5-KisiAdresForms\5-KisiAdresForms.csproj", "{F6DC9B19-75EC-4E3C-BE0B-F7A7701B3F62}"
EndProject
Project("{2150E333-8FDC-42A3-9474-1A3956D46DE8}") = "6-NLayerKisiAdres", "6-NLayerKisiAdres", "{1882A7A8-3BCE-4A40-BBA8-3CDC7AC085CE}"
EndProject
Project("{9A19103F-16F7-4668-BE54-9A1E7A4F7556}") = "KisiRehberProject.UI", "KisiRehberProject.UI\KisiRehberProject.UI.csproj", "{F5C54EDC-8665-40F5-AA67-AB19D99B2138}"
EndProject
Project("{9A19103F-16F7-4668-BE54-9A1E7A4F7556}") = "KisiRehberProject.DATA", "KisiRehberProject.DATA\KisiRehberProject.DATA.csproj", "{D28C17DF-4002-4217-8F8C-9F68E412C690}"
EndProject
Project("{9A19103F-16F7-4668-BE54-9A1E7A4F7556}") = "KisiRehberProject.DAL", "KisiRehberProject.DAL\KisiRehberProject.DAL.csproj", "{B725ACBC-DEB3-4751-805F-61963E0E517F}"
EndProject
Project("{9A19103F-16F7-4668-BE54-9A1E7A4F7556}") = "KisiRehberProject.BLL", "KisiRehberProject.BLL\KisiRehberProject.BLL.csproj", "{10B6A60C-7A76-414C-B66B-CE7CF004C08C}"
EndProject
Project("{2150E333-8FDC-42A3-9474-1A3956D46DE8}") = "7-NLayerNot", "7-NLayerNot", "{AEF0DBC0-9557-47A4-BD3D-8FFF23A17FEB}"
EndProject
Project("{9A19103F-16F7-4668-BE54-9A1E7A4F7556}") = "KisiNot.DATA", "KisiNot.DATA\KisiNot.DATA.csproj", "{BF09FD64-DAB1-4F81-B8F1-487ABB965293}"
EndProject
Project("{9A19103F-16F7-4668-BE54-9A1E7A4F7556}") = "KisiNot.Repository", "KisiNot.Repository\KisiNot.Repository.csproj", "{7E3592A2-1098-4D6F-A705-ED21EC9E5B9D}"
EndProject
Project("{9A19103F-16F7-4668-BE54-9A1E7A4F7556}") = "KisiNot.BLL", "KisiNot.BLL\KisiNot.BLL.csproj", "{E36269EE-C37C-4E95-86D0-62EE6A0BF37B}"
EndProject
Project("{9A19103F-16F7-4668-BE54-9A1E7A4F7556}") = "KisiNot.UI", "KisiNot.UI\KisiNot.UI.csproj", "{CE684894-7BB9-4896-ACC3-175C1AD8E598}"
EndProject
Project("{FAE04EC0-301F-11D3-BF4B-00C04F79EFBC}") = "NoteProject", "NoteProject\NoteProject.csproj", "{82663DF2-D252-4298-A3D1-71D2F27CC431}"
EndProject
Global
	GlobalSection(SolutionConfigurationPlatforms) = preSolution
		Debug|Any CPU = Debug|Any CPU
		Release|Any CPU = Release|Any CPU
	EndGlobalSection
	GlobalSection(ProjectConfigurationPlatforms) = postSolution
		{FD0F0922-9FFD-437A-82AE-7B373B092C79}.Debug|Any CPU.ActiveCfg = Debug|Any CPU
		{FD0F0922-9FFD-437A-82AE-7B373B092C79}.Debug|Any CPU.Build.0 = Debug|Any CPU
		{FD0F0922-9FFD-437A-82AE-7B373B092C79}.Release|Any CPU.ActiveCfg = Release|Any CPU
		{FD0F0922-9FFD-437A-82AE-7B373B092C79}.Release|Any CPU.Build.0 = Release|Any CPU
		{577AE7A9-1625-4C61-96BE-16A98BF53BD6}.Debug|Any CPU.ActiveCfg = Debug|Any CPU
		{577AE7A9-1625-4C61-96BE-16A98BF53BD6}.Debug|Any CPU.Build.0 = Debug|Any CPU
		{577AE7A9-1625-4C61-96BE-16A98BF53BD6}.Release|Any CPU.ActiveCfg = Release|Any CPU
		{577AE7A9-1625-4C61-96BE-16A98BF53BD6}.Release|Any CPU.Build.0 = Release|Any CPU
		{3D088AB8-B3FA-4ACA-AF87-A74F7B9DAF47}.Debug|Any CPU.ActiveCfg = Debug|Any CPU
		{3D088AB8-B3FA-4ACA-AF87-A74F7B9DAF47}.Debug|Any CPU.Build.0 = Debug|Any CPU
		{3D088AB8-B3FA-4ACA-AF87-A74F7B9DAF47}.Release|Any CPU.ActiveCfg = Release|Any CPU
		{3D088AB8-B3FA-4ACA-AF87-A74F7B9DAF47}.Release|Any CPU.Build.0 = Release|Any CPU
		{EECE5504-1006-4FA2-815C-CE4C48AEA2AF}.Debug|Any CPU.ActiveCfg = Debug|Any CPU
		{EECE5504-1006-4FA2-815C-CE4C48AEA2AF}.Debug|Any CPU.Build.0 = Debug|Any CPU
		{EECE5504-1006-4FA2-815C-CE4C48AEA2AF}.Release|Any CPU.ActiveCfg = Release|Any CPU
		{EECE5504-1006-4FA2-815C-CE4C48AEA2AF}.Release|Any CPU.Build.0 = Release|Any CPU
		{9A5F6810-A8DB-414E-AFD5-26F62965EC0E}.Debug|Any CPU.ActiveCfg = Debug|Any CPU
		{9A5F6810-A8DB-414E-AFD5-26F62965EC0E}.Debug|Any CPU.Build.0 = Debug|Any CPU
		{9A5F6810-A8DB-414E-AFD5-26F62965EC0E}.Release|Any CPU.ActiveCfg = Release|Any CPU
		{9A5F6810-A8DB-414E-AFD5-26F62965EC0E}.Release|Any CPU.Build.0 = Release|Any CPU
		{972857F7-010C-4B4C-835A-5BD1F19497A2}.Debug|Any CPU.ActiveCfg = Debug|Any CPU
		{972857F7-010C-4B4C-835A-5BD1F19497A2}.Debug|Any CPU.Build.0 = Debug|Any CPU
		{972857F7-010C-4B4C-835A-5BD1F19497A2}.Release|Any CPU.ActiveCfg = Release|Any CPU
		{972857F7-010C-4B4C-835A-5BD1F19497A2}.Release|Any CPU.Build.0 = Release|Any CPU
		{739294EC-27AC-4C31-B4BF-78E250369FE0}.Debug|Any CPU.ActiveCfg = Debug|Any CPU
		{739294EC-27AC-4C31-B4BF-78E250369FE0}.Debug|Any CPU.Build.0 = Debug|Any CPU
		{739294EC-27AC-4C31-B4BF-78E250369FE0}.Release|Any CPU.ActiveCfg = Release|Any CPU
		{739294EC-27AC-4C31-B4BF-78E250369FE0}.Release|Any CPU.Build.0 = Release|Any CPU
		{CBF298FE-C45B-4B12-B420-7B4C232B1246}.Debug|Any CPU.ActiveCfg = Debug|Any CPU
		{CBF298FE-C45B-4B12-B420-7B4C232B1246}.Debug|Any CPU.Build.0 = Debug|Any CPU
		{CBF298FE-C45B-4B12-B420-7B4C232B1246}.Release|Any CPU.ActiveCfg = Release|Any CPU
		{CBF298FE-C45B-4B12-B420-7B4C232B1246}.Release|Any CPU.Build.0 = Release|Any CPU
		{5B284144-4D56-4E64-A562-24BBA02D7978}.Debug|Any CPU.ActiveCfg = Debug|Any CPU
		{5B284144-4D56-4E64-A562-24BBA02D7978}.Debug|Any CPU.Build.0 = Debug|Any CPU
		{5B284144-4D56-4E64-A562-24BBA02D7978}.Release|Any CPU.ActiveCfg = Release|Any CPU
		{5B284144-4D56-4E64-A562-24BBA02D7978}.Release|Any CPU.Build.0 = Release|Any CPU
		{F6DC9B19-75EC-4E3C-BE0B-F7A7701B3F62}.Debug|Any CPU.ActiveCfg = Debug|Any CPU
		{F6DC9B19-75EC-4E3C-BE0B-F7A7701B3F62}.Debug|Any CPU.Build.0 = Debug|Any CPU
		{F6DC9B19-75EC-4E3C-BE0B-F7A7701B3F62}.Release|Any CPU.ActiveCfg = Release|Any CPU
		{F6DC9B19-75EC-4E3C-BE0B-F7A7701B3F62}.Release|Any CPU.Build.0 = Release|Any CPU
		{F5C54EDC-8665-40F5-AA67-AB19D99B2138}.Debug|Any CPU.ActiveCfg = Debug|Any CPU
		{F5C54EDC-8665-40F5-AA67-AB19D99B2138}.Debug|Any CPU.Build.0 = Debug|Any CPU
		{F5C54EDC-8665-40F5-AA67-AB19D99B2138}.Release|Any CPU.ActiveCfg = Release|Any CPU
		{F5C54EDC-8665-40F5-AA67-AB19D99B2138}.Release|Any CPU.Build.0 = Release|Any CPU
		{D28C17DF-4002-4217-8F8C-9F68E412C690}.Debug|Any CPU.ActiveCfg = Debug|Any CPU
		{D28C17DF-4002-4217-8F8C-9F68E412C690}.Debug|Any CPU.Build.0 = Debug|Any CPU
		{D28C17DF-4002-4217-8F8C-9F68E412C690}.Release|Any CPU.ActiveCfg = Release|Any CPU
		{D28C17DF-4002-4217-8F8C-9F68E412C690}.Release|Any CPU.Build.0 = Release|Any CPU
		{B725ACBC-DEB3-4751-805F-61963E0E517F}.Debug|Any CPU.ActiveCfg = Debug|Any CPU
		{B725ACBC-DEB3-4751-805F-61963E0E517F}.Debug|Any CPU.Build.0 = Debug|Any CPU
		{B725ACBC-DEB3-4751-805F-61963E0E517F}.Release|Any CPU.ActiveCfg = Release|Any CPU
		{B725ACBC-DEB3-4751-805F-61963E0E517F}.Release|Any CPU.Build.0 = Release|Any CPU
		{10B6A60C-7A76-414C-B66B-CE7CF004C08C}.Debug|Any CPU.ActiveCfg = Debug|Any CPU
		{10B6A60C-7A76-414C-B66B-CE7CF004C08C}.Debug|Any CPU.Build.0 = Debug|Any CPU
		{10B6A60C-7A76-414C-B66B-CE7CF004C08C}.Release|Any CPU.ActiveCfg = Release|Any CPU
		{10B6A60C-7A76-414C-B66B-CE7CF004C08C}.Release|Any CPU.Build.0 = Release|Any CPU
		{BF09FD64-DAB1-4F81-B8F1-487ABB965293}.Debug|Any CPU.ActiveCfg = Debug|Any CPU
		{BF09FD64-DAB1-4F81-B8F1-487ABB965293}.Debug|Any CPU.Build.0 = Debug|Any CPU
		{BF09FD64-DAB1-4F81-B8F1-487ABB965293}.Release|Any CPU.ActiveCfg = Release|Any CPU
		{BF09FD64-DAB1-4F81-B8F1-487ABB965293}.Release|Any CPU.Build.0 = Release|Any CPU
		{7E3592A2-1098-4D6F-A705-ED21EC9E5B9D}.Debug|Any CPU.ActiveCfg = Debug|Any CPU
		{7E3592A2-1098-4D6F-A705-ED21EC9E5B9D}.Debug|Any CPU.Build.0 = Debug|Any CPU
		{7E3592A2-1098-4D6F-A705-ED21EC9E5B9D}.Release|Any CPU.ActiveCfg = Release|Any CPU
		{7E3592A2-1098-4D6F-A705-ED21EC9E5B9D}.Release|Any CPU.Build.0 = Release|Any CPU
		{E36269EE-C37C-4E95-86D0-62EE6A0BF37B}.Debug|Any CPU.ActiveCfg = Debug|Any CPU
		{E36269EE-C37C-4E95-86D0-62EE6A0BF37B}.Debug|Any CPU.Build.0 = Debug|Any CPU
		{E36269EE-C37C-4E95-86D0-62EE6A0BF37B}.Release|Any CPU.ActiveCfg = Release|Any CPU
		{E36269EE-C37C-4E95-86D0-62EE6A0BF37B}.Release|Any CPU.Build.0 = Release|Any CPU
		{CE684894-7BB9-4896-ACC3-175C1AD8E598}.Debug|Any CPU.ActiveCfg = Debug|Any CPU
		{CE684894-7BB9-4896-ACC3-175C1AD8E598}.Debug|Any CPU.Build.0 = Debug|Any CPU
		{CE684894-7BB9-4896-ACC3-175C1AD8E598}.Release|Any CPU.ActiveCfg = Release|Any CPU
		{CE684894-7BB9-4896-ACC3-175C1AD8E598}.Release|Any CPU.Build.0 = Release|Any CPU
		{82663DF2-D252-4298-A3D1-71D2F27CC431}.Debug|Any CPU.ActiveCfg = Debug|Any CPU
		{82663DF2-D252-4298-A3D1-71D2F27CC431}.Debug|Any CPU.Build.0 = Debug|Any CPU
		{82663DF2-D252-4298-A3D1-71D2F27CC431}.Release|Any CPU.ActiveCfg = Release|Any CPU
		{82663DF2-D252-4298-A3D1-71D2F27CC431}.Release|Any CPU.Build.0 = Release|Any CPU
	EndGlobalSection
	GlobalSection(SolutionProperties) = preSolution
		HideSolutionNode = FALSE
	EndGlobalSection
	GlobalSection(NestedProjects) = preSolution
		{739294EC-27AC-4C31-B4BF-78E250369FE0} = {673AB797-2F5C-4FC4-A3CD-581F45715963}
		{CBF298FE-C45B-4B12-B420-7B4C232B1246} = {673AB797-2F5C-4FC4-A3CD-581F45715963}
		{5B284144-4D56-4E64-A562-24BBA02D7978} = {673AB797-2F5C-4FC4-A3CD-581F45715963}
		{F6DC9B19-75EC-4E3C-BE0B-F7A7701B3F62} = {673AB797-2F5C-4FC4-A3CD-581F45715963}
		{F5C54EDC-8665-40F5-AA67-AB19D99B2138} = {1882A7A8-3BCE-4A40-BBA8-3CDC7AC085CE}
		{D28C17DF-4002-4217-8F8C-9F68E412C690} = {1882A7A8-3BCE-4A40-BBA8-3CDC7AC085CE}
		{B725ACBC-DEB3-4751-805F-61963E0E517F} = {1882A7A8-3BCE-4A40-BBA8-3CDC7AC085CE}
		{10B6A60C-7A76-414C-B66B-CE7CF004C08C} = {1882A7A8-3BCE-4A40-BBA8-3CDC7AC085CE}
		{BF09FD64-DAB1-4F81-B8F1-487ABB965293} = {AEF0DBC0-9557-47A4-BD3D-8FFF23A17FEB}
		{7E3592A2-1098-4D6F-A705-ED21EC9E5B9D} = {AEF0DBC0-9557-47A4-BD3D-8FFF23A17FEB}
		{E36269EE-C37C-4E95-86D0-62EE6A0BF37B} = {AEF0DBC0-9557-47A4-BD3D-8FFF23A17FEB}
		{CE684894-7BB9-4896-ACC3-175C1AD8E598} = {AEF0DBC0-9557-47A4-BD3D-8FFF23A17FEB}
	EndGlobalSection
	GlobalSection(ExtensibilityGlobals) = postSolution
		SolutionGuid = {DEB86A9E-64AD-491E-8202-56BDDE7409E1}
	EndGlobalSection
EndGlobal
